
Microsoft Visual Studio Solution File, Format Version 12.00
# Visual Studio 2017
Project("{FAE04EC0-301F-11D3-BF4B-00C04F79EFBC}") = "ics161_Game2", "ics161_Game2.csproj", "{7540D354-DD4E-A604-4828-EB2B3709DAFF}"
EndProject
Global
	GlobalSection(SolutionConfigurationPlatforms) = preSolution
		Debug|Any CPU = Debug|Any CPU
		Release|Any CPU = Release|Any CPU
	EndGlobalSection
	GlobalSection(ProjectConfigurationPlatforms) = postSolution
		{7540D354-DD4E-A604-4828-EB2B3709DAFF}.Debug|Any CPU.ActiveCfg = Debug|Any CPU
		{7540D354-DD4E-A604-4828-EB2B3709DAFF}.Debug|Any CPU.Build.0 = Debug|Any CPU
		{7540D354-DD4E-A604-4828-EB2B3709DAFF}.Release|Any CPU.ActiveCfg = Release|Any CPU
		{7540D354-DD4E-A604-4828-EB2B3709DAFF}.Release|Any CPU.Build.0 = Release|Any CPU
	EndGlobalSection
	GlobalSection(SolutionProperties) = preSolution
		HideSolutionNode = FALSE
	EndGlobalSection
EndGlobal
